
Microsoft Visual Studio Solution File, Format Version 12.00
# Visual Studio Version 16
VisualStudioVersion = 16.0.31019.35
MinimumVisualStudioVersion = 10.0.40219.1
Project("{FAE04EC0-301F-11D3-BF4B-00C04F79EFBC}") = "420-14C-FX_TP2", "420-14C-FX_TP2\420-14C-FX_TP2.csproj", "{70E1C2A3-3E71-4616-B908-D4D3C392AF2B}"
EndProject
Project("{FAE04EC0-301F-11D3-BF4B-00C04F79EFBC}") = "420-14C-FX-TP2_Tests", "420-14C-FX-TP2_Tests\420-14C-FX-TP2_Tests.csproj", "{D4B194B6-BAC3-425D-AC82-0E980B199AC0}"
EndProject
Global
	GlobalSection(SolutionConfigurationPlatforms) = preSolution
		Debug|Any CPU = Debug|Any CPU
		Release|Any CPU = Release|Any CPU
	EndGlobalSection
	GlobalSection(ProjectConfigurationPlatforms) = postSolution
		{70E1C2A3-3E71-4616-B908-D4D3C392AF2B}.Debug|Any CPU.ActiveCfg = Debug|Any CPU
		{70E1C2A3-3E71-4616-B908-D4D3C392AF2B}.Debug|Any CPU.Build.0 = Debug|Any CPU
		{70E1C2A3-3E71-4616-B908-D4D3C392AF2B}.Release|Any CPU.ActiveCfg = Release|Any CPU
		{70E1C2A3-3E71-4616-B908-D4D3C392AF2B}.Release|Any CPU.Build.0 = Release|Any CPU
		{D4B194B6-BAC3-425D-AC82-0E980B199AC0}.Debug|Any CPU.ActiveCfg = Debug|Any CPU
		{D4B194B6-BAC3-425D-AC82-0E980B199AC0}.Debug|Any CPU.Build.0 = Debug|Any CPU
		{D4B194B6-BAC3-425D-AC82-0E980B199AC0}.Release|Any CPU.ActiveCfg = Release|Any CPU
		{D4B194B6-BAC3-425D-AC82-0E980B199AC0}.Release|Any CPU.Build.0 = Release|Any CPU
	EndGlobalSection
	GlobalSection(SolutionProperties) = preSolution
		HideSolutionNode = FALSE
	EndGlobalSection
	GlobalSection(ExtensibilityGlobals) = postSolution
		SolutionGuid = {1D292309-0842-4636-A2DA-28A0A8D0B6CF}
	EndGlobalSection
EndGlobal
